%{
  "decimal": {:hex, :decimal, "1.1.2", "79a769d4657b2d537b51ef3c02d29ab7141d2b486b516c109642d453ee08e00c", [:mix], []},
  "earmark": {:hex, :earmark, "1.4.16", "2188754e590a3c379fdd2783bb44eedd8c54968fa0256b6f336f6d56b089d793", [:mix], [{:earmark_parser, ">= 1.4.16", [hex: :earmark_parser, repo: "hexpm", optional: false]}], "hexpm", "46f853f7ae10bee06923430dca522ba9dcbdc6b7a9729748e8dd5344d21b8418"},
  "earmark_parser": {:hex, :earmark_parser, "1.4.16", "607709303e1d4e3e02f1444df0c821529af1c03b8578dfc81bb9cf64553d02b9", [:mix], [], "hexpm", "69fcf696168f5a274dd012e3e305027010658b2d1630cef68421d6baaeaccead"},
  "ecto": {:hex, :ecto, "1.1.8", "0f0348e678fa5a450c266d69816808f97fbd82ade32cf88d4b09bbe8f8c27545", [:mix], [{:decimal, "~> 1.0", [hex: :decimal, optional: false]}, {:mariaex, "~> 0.5.0 or ~> 0.6.0", [hex: :mariaex, optional: true]}, {:poison, "~> 1.0 or ~> 2.0", [hex: :poison, optional: true]}, {:poolboy, "~> 1.4", [hex: :poolboy, optional: false]}, {:postgrex, "~> 0.11.0", [hex: :postgrex, optional: true]}, {:sbroker, "~> 0.7", [hex: :sbroker, optional: true]}]},
  "ex_doc": {:hex, :ex_doc, "0.25.3", "3edf6a0d70a39d2eafde030b8895501b1c93692effcbd21347296c18e47618ce", [:mix], [{:earmark_parser, "~> 1.4.0", [hex: :earmark_parser, repo: "hexpm", optional: false]}, {:makeup_elixir, "~> 0.14", [hex: :makeup_elixir, repo: "hexpm", optional: false]}, {:makeup_erlang, "~> 0.1", [hex: :makeup_erlang, repo: "hexpm", optional: false]}], "hexpm", "9ebebc2169ec732a38e9e779fd0418c9189b3ca93f4a676c961be6c1527913f5"},
  "makeup": {:hex, :makeup, "1.0.5", "d5a830bc42c9800ce07dd97fa94669dfb93d3bf5fcf6ea7a0c67b2e0e4a7f26c", [:mix], [{:nimble_parsec, "~> 0.5 or ~> 1.0", [hex: :nimble_parsec, repo: "hexpm", optional: false]}], "hexpm", "cfa158c02d3f5c0c665d0af11512fed3fba0144cf1aadee0f2ce17747fba2ca9"},
  "makeup_elixir": {:hex, :makeup_elixir, "0.15.2", "dc72dfe17eb240552857465cc00cce390960d9a0c055c4ccd38b70629227e97c", [:mix], [{:makeup, "~> 1.0", [hex: :makeup, repo: "hexpm", optional: false]}, {:nimble_parsec, "~> 1.1", [hex: :nimble_parsec, repo: "hexpm", optional: false]}], "hexpm", "fd23ae48d09b32eff49d4ced2b43c9f086d402ee4fd4fcb2d7fad97fa8823e75"},
  "makeup_erlang": {:hex, :makeup_erlang, "0.1.1", "3fcb7f09eb9d98dc4d208f49cc955a34218fc41ff6b84df7c75b3e6e533cc65f", [:mix], [{:makeup, "~> 1.0", [hex: :makeup, repo: "hexpm", optional: false]}], "hexpm", "174d0809e98a4ef0b3309256cbf97101c6ec01c4ab0b23e926a9e17df2077cbb"},
  "meck": {:hex, :meck, "0.8.4", "59ca1cd971372aa223138efcf9b29475bde299e1953046a0c727184790ab1520", [:rebar, :make], []},
  "mime": {:hex, :mime, "2.0.1", "0de4c81303fe07806ebc2494d5321ce8fb4df106e34dd5f9d787b637ebadc256", [:mix], [], "hexpm", "7a86b920d2aedce5fb6280ac8261ac1a739ae6c1a1ad38f5eadf910063008942"},
  "nimble_parsec": {:hex, :nimble_parsec, "1.1.0", "3a6fca1550363552e54c216debb6a9e95bd8d32348938e13de5eda962c0d7f89", [:mix], [], "hexpm", "08eb32d66b706e913ff748f11694b17981c0b04a33ef470e33e11b3d3ac8f54b"},
  "pavlov": {:git, "https://github.com/sproutapp/pavlov.git", "7f3c0d7c75c8c2875e21b495511a291194bfc85a", []},
  "phoenix": {:hex, :phoenix, "1.6.2", "6cbd5c8ed7a797f25a919a37fafbc2fb1634c9cdb12a4448d7a5d0b26926f005", [:mix], [{:jason, "~> 1.0", [hex: :jason, repo: "hexpm", optional: true]}, {:phoenix_pubsub, "~> 2.0", [hex: :phoenix_pubsub, repo: "hexpm", optional: false]}, {:phoenix_view, "~> 1.0", [hex: :phoenix_view, repo: "hexpm", optional: false]}, {:plug, "~> 1.10", [hex: :plug, repo: "hexpm", optional: false]}, {:plug_cowboy, "~> 2.2", [hex: :plug_cowboy, repo: "hexpm", optional: true]}, {:plug_crypto, "~> 1.2", [hex: :plug_crypto, repo: "hexpm", optional: false]}, {:telemetry, "~> 0.4 or ~> 1.0", [hex: :telemetry, repo: "hexpm", optional: false]}], "hexpm", "7bbee475acae0c3abc229b7f189e210ea788e63bd168e585f60c299a4b2f9133"},
  "phoenix_html": {:hex, :phoenix_html, "3.0.4", "232d41884fe6a9c42d09f48397c175cd6f0d443aaa34c7424da47604201df2e1", [:mix], [{:plug, "~> 1.5", [hex: :plug, repo: "hexpm", optional: true]}], "hexpm", "ce17fd3cf815b2ed874114073e743507704b1f5288bb03c304a77458485efc8b"},
  "phoenix_pubsub": {:hex, :phoenix_pubsub, "2.0.0", "a1ae76717bb168cdeb10ec9d92d1480fec99e3080f011402c0a2d68d47395ffb", [:mix], [], "hexpm", "c52d948c4f261577b9c6fa804be91884b381a7f8f18450c5045975435350f771"},
  "phoenix_view": {:hex, :phoenix_view, "1.0.0", "fea71ecaaed71178b26dd65c401607de5ec22e2e9ef141389c721b3f3d4d8011", [:mix], [{:phoenix_html, "~> 2.14.2 or ~> 3.0", [hex: :phoenix_html, repo: "hexpm", optional: true]}], "hexpm", "82be3e2516f5633220246e2e58181282c71640dab7afc04f70ad94253025db0c"},
  "plug": {:hex, :plug, "1.12.1", "645678c800601d8d9f27ad1aebba1fdb9ce5b2623ddb961a074da0b96c35187d", [:mix], [{:mime, "~> 1.0 or ~> 2.0", [hex: :mime, repo: "hexpm", optional: false]}, {:plug_crypto, "~> 1.1.1 or ~> 1.2", [hex: :plug_crypto, repo: "hexpm", optional: false]}, {:telemetry, "~> 0.4.3 or ~> 1.0", [hex: :telemetry, repo: "hexpm", optional: false]}], "hexpm", "d57e799a777bc20494b784966dc5fbda91eb4a09f571f76545b72a634ce0d30b"},
  "plug_crypto": {:hex, :plug_crypto, "1.2.2", "05654514ac717ff3a1843204b424477d9e60c143406aa94daf2274fdd280794d", [:mix], [], "hexpm", "87631c7ad914a5a445f0a3809f99b079113ae4ed4b867348dd9eec288cecb6db"},
  "poison": {:hex, :poison, "2.2.0", "4763b69a8a77bd77d26f477d196428b741261a761257ff1cf92753a0d4d24a63", [:mix], [], "hexpm"},
  "poolboy": {:hex, :poolboy, "1.5.1", "6b46163901cfd0a1b43d692657ed9d7e599853b3b21b95ae5ae0a777cf9b6ca8", [:rebar], []},
  "scrivener": {:hex, :scrivener, "2.7.2", "1d913c965ec352650a7f864ad7fd8d80462f76a32f33d57d1e48bc5e9d40aba2", [:mix], [], "hexpm", "7866a0ec4d40274efbee1db8bead13a995ea4926ecd8203345af8f90d2b620d9"},
  "telemetry": {:hex, :telemetry, "1.0.0", "0f453a102cdf13d506b7c0ab158324c337c41f1cc7548f0bc0e130bbf0ae9452", [:rebar3], [], "hexpm", "73bc09fa59b4a0284efb4624335583c528e07ec9ae76aca96ea0673850aec57a"},
}
